<?xml version="1.0" encoding="utf-8"?>
<Project ToolsVersion="4.0" xmlns="http://schemas.microsoft.com/developer/msbuild/2003">
  <ItemGroup>
    <ClCompile Include="BasicCommands.cpp" />
    <ClCompile Include="Cell.cpp" />
    <ClCompile Include="CellContainer.cpp" />
    <ClCompile Include="ConsoleIO.cpp" />
    <ClCompile Include="IOInterface.cpp" />
    <ClCompile Include="main.cpp" />
    <ClCompile Include="MenuManager.cpp" />
    <ClCompile Include="OperationRecorder.cpp" />
    <ClCompile Include="PuzzleLoader.cpp" />
    <ClCompile Include="PuzzleLoaderDAT.cpp" />
    <ClCompile Include="Sudoku.cpp" />
    <ClCompile Include="SudokuController.cpp" />
  </ItemGroup>
  <ItemGroup>
    <ClInclude Include="BasicCommands.h" />
    <ClInclude Include="Cell.h" />
    <ClInclude Include="CellContainer.h" />
    <ClInclude Include="Command.h" />
    <ClInclude Include="ConsoleIO.h" />
    <ClInclude Include="DerivedCellContainer.h" />
    <ClInclude Include="IOInterface.h" />
    <ClInclude Include="MenuManager.h" />
    <ClInclude Include="PuzzleData.h" />
    <ClInclude Include="OperationRecorder.h" />
    <ClInclude Include="PuzzleLoader.h" />
    <ClInclude Include="PuzzleLoaderDAT.h" />
    <ClInclude Include="resource.h" />
    <ClInclude Include="Sudoku.h" />
    <ClInclude Include="SudokuController.h" />
  </ItemGroup>
  <ItemGroup>
    <None Include="archive.dat" />
    <None Include="Puzzles.dat" />
    <None Include="ClassDiagram.cd" />
  </ItemGroup>
</Project>